// !$*UTF8*$!
{
	archiveVersion = 1;
	classes = {
	};
	objectVersion = 42;
	objects = {

/* Begin PBXBuildFile section */
		78F543A00D996FA50055C151 /* NSDataAdditions.h in Headers */ = {isa = PBXBuildFile; fileRef = 78F5439C0D996FA50055C151 /* NSDataAdditions.h */; };
		78F543A10D996FA50055C151 /* NSDataAdditions.m in Sources */ = {isa = PBXBuildFile; fileRef = 78F5439D0D996FA50055C151 /* NSDataAdditions.m */; };
		78F543A20D996FA50055C151 /* NSStringAdditions.h in Headers */ = {isa = PBXBuildFile; fileRef = 78F5439E0D996FA50055C151 /* NSStringAdditions.h */; };
		78F543A30D996FA50055C151 /* NSStringAdditions.m in Sources */ = {isa = PBXBuildFile; fileRef = 78F5439F0D996FA50055C151 /* NSStringAdditions.m */; };
		8D5B49B0048680CD000E48DA /* InfoPlist.strings in Resources */ = {isa = PBXBuildFile; fileRef = 089C167DFE841241C02AAC07 /* InfoPlist.strings */; };
		8D5B49B2048680CD000E48DA /* main.m in Sources */ = {isa = PBXBuildFile; fileRef = 08FB77B6FE84183AC02AAC07 /* main.m */; settings = {ATTRIBUTES = (); }; };
		8D5B49B4048680CD000E48DA /* Cocoa.framework in Frameworks */ = {isa = PBXBuildFile; fileRef = 1058C7ADFEA557BF11CA2CBB /* Cocoa.framework */; };
		AB1122BA06B89B7500A78526 /* Carbon.framework in Frameworks */ = {isa = PBXBuildFile; fileRef = AB1122B906B89B7500A78526 /* Carbon.framework */; };
		AB11239B06B8A0D100A78526 /* Photon Help in Resources */ = {isa = PBXBuildFile; fileRef = AB11239606B8A0D000A78526 /* Photon Help */; };
		AB14EB380703B1D000BFAF16 /* Localizable.strings in Resources */ = {isa = PBXBuildFile; fileRef = AB14EB360703B1D000BFAF16 /* Localizable.strings */; };
		AB3CA87E069E6163002A8128 /* AGRegex.h in Headers */ = {isa = PBXBuildFile; fileRef = AB3CA873069E6163002A8128 /* AGRegex.h */; };
		AB3CA87F069E6163002A8128 /* AGRegex.m in Sources */ = {isa = PBXBuildFile; fileRef = AB3CA874069E6163002A8128 /* AGRegex.m */; };
		AB3CA8AB069E6445002A8128 /* chartables.c in Sources */ = {isa = PBXBuildFile; fileRef = AB3CA8A3069E6445002A8128 /* chartables.c */; };
		AB3CA8AC069E6445002A8128 /* config.h in Headers */ = {isa = PBXBuildFile; fileRef = AB3CA8A4069E6445002A8128 /* config.h */; };
		AB3CA8AD069E6445002A8128 /* get.c in Sources */ = {isa = PBXBuildFile; fileRef = AB3CA8A5069E6445002A8128 /* get.c */; };
		AB3CA8AE069E6445002A8128 /* internal.h in Headers */ = {isa = PBXBuildFile; fileRef = AB3CA8A6069E6445002A8128 /* internal.h */; };
		AB3CA8AF069E6445002A8128 /* maketables.c in Sources */ = {isa = PBXBuildFile; fileRef = AB3CA8A7069E6445002A8128 /* maketables.c */; };
		AB3CA8B0069E6445002A8128 /* pcre.c in Sources */ = {isa = PBXBuildFile; fileRef = AB3CA8A8069E6445002A8128 /* pcre.c */; };
		AB3CA8B1069E6445002A8128 /* pcre.h in Headers */ = {isa = PBXBuildFile; fileRef = AB3CA8A9069E6445002A8128 /* pcre.h */; };
		AB3CA8B2069E6445002A8128 /* study.c in Sources */ = {isa = PBXBuildFile; fileRef = AB3CA8AA069E6445002A8128 /* study.c */; };
		AB4E75CE06F82FC000BCE9E7 /* DKURLConnection.h in Headers */ = {isa = PBXBuildFile; fileRef = AB4E75CC06F82FC000BCE9E7 /* DKURLConnection.h */; };
		AB4E75CF06F82FC000BCE9E7 /* DKURLConnection.m in Sources */ = {isa = PBXBuildFile; fileRef = AB4E75CD06F82FC000BCE9E7 /* DKURLConnection.m */; };
		AB62609606C1815C00EE2219 /* ExportMgr.h in Headers */ = {isa = PBXBuildFile; fileRef = AB62609406C1815C00EE2219 /* ExportMgr.h */; };
		AB86B4030682897700EB727B /* PhotonPluginBox.h in Headers */ = {isa = PBXBuildFile; fileRef = AB86B4010682897700EB727B /* PhotonPluginBox.h */; };
		AB86B4040682897700EB727B /* PhotonPluginBox.m in Sources */ = {isa = PBXBuildFile; fileRef = AB86B4020682897700EB727B /* PhotonPluginBox.m */; };
		AB9742D006B6031200AE1F97 /* EntryOptionViews.m in Sources */ = {isa = PBXBuildFile; fileRef = AB9742CE06B6031200AE1F97 /* EntryOptionViews.m */; };
		AB9742D106B6031200AE1F97 /* EntryOptionViews.h in Headers */ = {isa = PBXBuildFile; fileRef = AB9742CF06B6031200AE1F97 /* EntryOptionViews.h */; };
		ABA1007D067EBC1200B704CF /* Photon.h in Headers */ = {isa = PBXBuildFile; fileRef = ABA10079067EBC1200B704CF /* Photon.h */; };
		ABA1007E067EBC1200B704CF /* Photon.m in Sources */ = {isa = PBXBuildFile; fileRef = ABA1007A067EBC1200B704CF /* Photon.m */; };
		ABA7BF4906C09326000F73B3 /* offlineAlert_clicked.tiff in Resources */ = {isa = PBXBuildFile; fileRef = ABA7BF4706C09326000F73B3 /* offlineAlert_clicked.tiff */; };
		ABA7BF4A06C09326000F73B3 /* offlineAlert.tiff in Resources */ = {isa = PBXBuildFile; fileRef = ABA7BF4806C09326000F73B3 /* offlineAlert.tiff */; };
		ABA7BF9506C09860000F73B3 /* offlineAlert_highlighted.tiff in Resources */ = {isa = PBXBuildFile; fileRef = ABA7BF9406C09860000F73B3 /* offlineAlert_highlighted.tiff */; };
		ABAEABB50638025600DD79B6 /* Panel.nib in Resources */ = {isa = PBXBuildFile; fileRef = ABAEABB30638025600DD79B6 /* Panel.nib */; };
		ABD11E1D068A960400B0157D /* Category.nib in Resources */ = {isa = PBXBuildFile; fileRef = ABD11E1B068A960400B0157D /* Category.nib */; };
		ABD11E93068AA0E900B0157D /* Security.framework in Frameworks */ = {isa = PBXBuildFile; fileRef = ABD11E91068AA0E900B0157D /* Security.framework */; };
		ABD11E94068AA0E900B0157D /* SystemConfiguration.framework in Frameworks */ = {isa = PBXBuildFile; fileRef = ABD11E92068AA0E900B0157D /* SystemConfiguration.framework */; };
		ABD11EDE068AA10500B0157D /* Keychain.h in Headers */ = {isa = PBXBuildFile; fileRef = ABD11EDC068AA10500B0157D /* Keychain.h */; };
		ABD11EDF068AA10500B0157D /* Keychain.m in Sources */ = {isa = PBXBuildFile; fileRef = ABD11EDD068AA10500B0157D /* Keychain.m */; };
		ABD11EF0068AA12C00B0157D /* DKNSDictionaryExtensions.h in Headers */ = {isa = PBXBuildFile; fileRef = ABD11EEE068AA12C00B0157D /* DKNSDictionaryExtensions.h */; };
		ABD11EF1068AA12C00B0157D /* DKNSDictionaryExtensions.m in Sources */ = {isa = PBXBuildFile; fileRef = ABD11EEF068AA12C00B0157D /* DKNSDictionaryExtensions.m */; };
		ABD11FD4068ABCB500B0157D /* XMLRPC.h in Headers */ = {isa = PBXBuildFile; fileRef = ABD11FC7068ABCB500B0157D /* XMLRPC.h */; };
		ABD11FD5068ABCB500B0157D /* XMLRPCConnection.h in Headers */ = {isa = PBXBuildFile; fileRef = ABD11FC8068ABCB500B0157D /* XMLRPCConnection.h */; };
		ABD11FD6068ABCB500B0157D /* XMLRPCConnection.m in Sources */ = {isa = PBXBuildFile; fileRef = ABD11FC9068ABCB500B0157D /* XMLRPCConnection.m */; };
		ABD11FD7068ABCB500B0157D /* XMLRPCDecoder.h in Headers */ = {isa = PBXBuildFile; fileRef = ABD11FCA068ABCB500B0157D /* XMLRPCDecoder.h */; };
		ABD11FD8068ABCB500B0157D /* XMLRPCDecoder.m in Sources */ = {isa = PBXBuildFile; fileRef = ABD11FCB068ABCB500B0157D /* XMLRPCDecoder.m */; };
		ABD11FD9068ABCB500B0157D /* XMLRPCEncoder.h in Headers */ = {isa = PBXBuildFile; fileRef = ABD11FCC068ABCB500B0157D /* XMLRPCEncoder.h */; };
		ABD11FDA068ABCB500B0157D /* XMLRPCEncoder.m in Sources */ = {isa = PBXBuildFile; fileRef = ABD11FCD068ABCB500B0157D /* XMLRPCEncoder.m */; };
		ABD11FDD068ABCB500B0157D /* XMLRPCRequest.h in Headers */ = {isa = PBXBuildFile; fileRef = ABD11FD0068ABCB500B0157D /* XMLRPCRequest.h */; };
		ABD11FDE068ABCB500B0157D /* XMLRPCRequest.m in Sources */ = {isa = PBXBuildFile; fileRef = ABD11FD1068ABCB500B0157D /* XMLRPCRequest.m */; };
		ABD11FDF068ABCB500B0157D /* XMLRPCResponse.h in Headers */ = {isa = PBXBuildFile; fileRef = ABD11FD2068ABCB500B0157D /* XMLRPCResponse.h */; };
		ABD11FE0068ABCB500B0157D /* XMLRPCResponse.m in Sources */ = {isa = PBXBuildFile; fileRef = ABD11FD3068ABCB500B0157D /* XMLRPCResponse.m */; };
		ABD3767808BE05560088B43A /* LICENSE.txt in Resources */ = {isa = PBXBuildFile; fileRef = ABD3767708BE05560088B43A /* LICENSE.txt */; };
		ABDE28E206A4DC97005EF64D /* AddWeblog_Pressed.tiff in Resources */ = {isa = PBXBuildFile; fileRef = ABDE28DE06A4DC97005EF64D /* AddWeblog_Pressed.tiff */; };
		ABDE28E306A4DC97005EF64D /* AddWeblog.tiff in Resources */ = {isa = PBXBuildFile; fileRef = ABDE28DF06A4DC97005EF64D /* AddWeblog.tiff */; };
		ABDE28E406A4DC97005EF64D /* RemoveWeblog_Pressed.tiff in Resources */ = {isa = PBXBuildFile; fileRef = ABDE28E006A4DC97005EF64D /* RemoveWeblog_Pressed.tiff */; };
		ABDE28E506A4DC97005EF64D /* RemoveWeblog.tiff in Resources */ = {isa = PBXBuildFile; fileRef = ABDE28E106A4DC97005EF64D /* RemoveWeblog.tiff */; };
		ABDF6064069BB4BC00C7BA44 /* AtomExtensions.h in Headers */ = {isa = PBXBuildFile; fileRef = ABDF6062069BB4BC00C7BA44 /* AtomExtensions.h */; };
		ABDF6065069BB4BC00C7BA44 /* AtomExtensions.m in Sources */ = {isa = PBXBuildFile; fileRef = ABDF6063069BB4BC00C7BA44 /* AtomExtensions.m */; };
		ABE28109069FA76400C36D33 /* Photon_Prefix.pch in Headers */ = {isa = PBXBuildFile; fileRef = ABA10081067EBC1F00B704CF /* Photon_Prefix.pch */; };
		ABEA824406A782420034E0AC /* RemoveAccountOption.tiff in Resources */ = {isa = PBXBuildFile; fileRef = ABEA824006A782420034E0AC /* RemoveAccountOption.tiff */; };
		ABEA824506A782420034E0AC /* RemoveAccountOption_Pressed.tiff in Resources */ = {isa = PBXBuildFile; fileRef = ABEA824106A782420034E0AC /* RemoveAccountOption_Pressed.tiff */; };
		ABEA824606A782420034E0AC /* AddAccountOption.tiff in Resources */ = {isa = PBXBuildFile; fileRef = ABEA824206A782420034E0AC /* AddAccountOption.tiff */; };
		ABEA824706A782420034E0AC /* AddAccountOption_Pressed.tiff in Resources */ = {isa = PBXBuildFile; fileRef = ABEA824306A782420034E0AC /* AddAccountOption_Pressed.tiff */; };
		ABF91AF906CDAF430096BA5F /* PhotoEnabledValueTransformer.h in Headers */ = {isa = PBXBuildFile; fileRef = ABF91AF706CDAF430096BA5F /* PhotoEnabledValueTransformer.h */; };
		ABF91AFA06CDAF430096BA5F /* PhotoEnabledValueTransformer.m in Sources */ = {isa = PBXBuildFile; fileRef = ABF91AF806CDAF430096BA5F /* PhotoEnabledValueTransformer.m */; };
		ABF91B1506CDB1B70096BA5F /* ThumbnailEnabledValueTransformer.h in Headers */ = {isa = PBXBuildFile; fileRef = ABF91B1306CDB1B70096BA5F /* ThumbnailEnabledValueTransformer.h */; };
		ABF91B1606CDB1B70096BA5F /* ThumbnailEnabledValueTransformer.m in Sources */ = {isa = PBXBuildFile; fileRef = ABF91B1406CDB1B70096BA5F /* ThumbnailEnabledValueTransformer.m */; };
/* End PBXBuildFile section */

/* Begin PBXFileReference section */
		089C1672FE841209C02AAC07 /* Foundation.framework */ = {isa = PBXFileReference; lastKnownFileType = wrapper.framework; name = Foundation.framework; path = /System/Library/Frameworks/Foundation.framework; sourceTree = "<absolute>"; };
		089C167EFE841241C02AAC07 /* English */ = {isa = PBXFileReference; fileEncoding = 10; lastKnownFileType = text.plist.strings; name = English; path = English.lproj/InfoPlist.strings; sourceTree = "<group>"; };
		089C167FFE841241C02AAC07 /* AppKit.framework */ = {isa = PBXFileReference; lastKnownFileType = wrapper.framework; name = AppKit.framework; path = /System/Library/Frameworks/AppKit.framework; sourceTree = "<absolute>"; };
		08FB77B6FE84183AC02AAC07 /* main.m */ = {isa = PBXFileReference; fileEncoding = 4; lastKnownFileType = sourcecode.c.objc; path = main.m; sourceTree = "<group>"; };
		1058C7ADFEA557BF11CA2CBB /* Cocoa.framework */ = {isa = PBXFileReference; lastKnownFileType = wrapper.framework; name = Cocoa.framework; path = /System/Library/Frameworks/Cocoa.framework; sourceTree = "<absolute>"; };
		78F5439C0D996FA50055C151 /* NSDataAdditions.h */ = {isa = PBXFileReference; fileEncoding = 4; lastKnownFileType = sourcecode.c.h; path = NSDataAdditions.h; sourceTree = "<group>"; };
		78F5439D0D996FA50055C151 /* NSDataAdditions.m */ = {isa = PBXFileReference; fileEncoding = 4; lastKnownFileType = sourcecode.c.objc; path = NSDataAdditions.m; sourceTree = "<group>"; };
		78F5439E0D996FA50055C151 /* NSStringAdditions.h */ = {isa = PBXFileReference; fileEncoding = 4; lastKnownFileType = sourcecode.c.h; path = NSStringAdditions.h; sourceTree = "<group>"; };
		78F5439F0D996FA50055C151 /* NSStringAdditions.m */ = {isa = PBXFileReference; fileEncoding = 4; lastKnownFileType = sourcecode.c.objc; path = NSStringAdditions.m; sourceTree = "<group>"; };
		8D5B49B6048680CD000E48DA /* Photon.iPhotoExporter */ = {isa = PBXFileReference; explicitFileType = wrapper.cfbundle; includeInIndex = 0; path = Photon.iPhotoExporter; sourceTree = BUILT_PRODUCTS_DIR; };
		8D5B49B7048680CD000E48DA /* Info.plist */ = {isa = PBXFileReference; fileEncoding = 4; lastKnownFileType = text.xml; path = Info.plist; sourceTree = "<group>"; };
		AB1122B906B89B7500A78526 /* Carbon.framework */ = {isa = PBXFileReference; lastKnownFileType = wrapper.framework; name = Carbon.framework; path = /System/Library/Frameworks/Carbon.framework; sourceTree = "<absolute>"; };
		AB11239706B8A0D000A78526 /* English */ = {isa = PBXFileReference; lastKnownFileType = folder; name = English; path = "English.lproj/Photon Help"; sourceTree = "<group>"; };
		AB14EB370703B1D000BFAF16 /* English */ = {isa = PBXFileReference; fileEncoding = 30; lastKnownFileType = text.plist.strings; name = English; path = English.lproj/Localizable.strings; sourceTree = "<group>"; };
		AB3CA873069E6163002A8128 /* AGRegex.h */ = {isa = PBXFileReference; fileEncoding = 30; lastKnownFileType = sourcecode.c.h; path = AGRegex.h; sourceTree = "<group>"; };
		AB3CA874069E6163002A8128 /* AGRegex.m */ = {isa = PBXFileReference; fileEncoding = 30; lastKnownFileType = sourcecode.c.objc; path = AGRegex.m; sourceTree = "<group>"; };
		AB3CA8A3069E6445002A8128 /* chartables.c */ = {isa = PBXFileReference; fileEncoding = 30; lastKnownFileType = sourcecode.c.c; path = chartables.c; sourceTree = "<group>"; };
		AB3CA8A4069E6445002A8128 /* config.h */ = {isa = PBXFileReference; fileEncoding = 30; lastKnownFileType = sourcecode.c.h; path = config.h; sourceTree = "<group>"; };
		AB3CA8A5069E6445002A8128 /* get.c */ = {isa = PBXFileReference; fileEncoding = 30; lastKnownFileType = sourcecode.c.c; path = get.c; sourceTree = "<group>"; };
		AB3CA8A6069E6445002A8128 /* internal.h */ = {isa = PBXFileReference; fileEncoding = 30; lastKnownFileType = sourcecode.c.h; path = internal.h; sourceTree = "<group>"; };
		AB3CA8A7069E6445002A8128 /* maketables.c */ = {isa = PBXFileReference; fileEncoding = 30; lastKnownFileType = sourcecode.c.c; path = maketables.c; sourceTree = "<group>"; };
		AB3CA8A8069E6445002A8128 /* pcre.c */ = {isa = PBXFileReference; fileEncoding = 30; lastKnownFileType = sourcecode.c.c; path = pcre.c; sourceTree = "<group>"; };
		AB3CA8A9069E6445002A8128 /* pcre.h */ = {isa = PBXFileReference; fileEncoding = 30; lastKnownFileType = sourcecode.c.h; path = pcre.h; sourceTree = "<group>"; };
		AB3CA8AA069E6445002A8128 /* study.c */ = {isa = PBXFileReference; fileEncoding = 30; lastKnownFileType = sourcecode.c.c; path = study.c; sourceTree = "<group>"; };
		AB4E75CC06F82FC000BCE9E7 /* DKURLConnection.h */ = {isa = PBXFileReference; fileEncoding = 30; lastKnownFileType = sourcecode.c.h; path = DKURLConnection.h; sourceTree = "<group>"; };
		AB4E75CD06F82FC000BCE9E7 /* DKURLConnection.m */ = {isa = PBXFileReference; fileEncoding = 30; lastKnownFileType = sourcecode.c.objc; path = DKURLConnection.m; sourceTree = "<group>"; };
		AB62609406C1815C00EE2219 /* ExportMgr.h */ = {isa = PBXFileReference; fileEncoding = 4; lastKnownFileType = sourcecode.c.h; path = ExportMgr.h; sourceTree = "<group>"; };
		AB86B4010682897700EB727B /* PhotonPluginBox.h */ = {isa = PBXFileReference; fileEncoding = 4; lastKnownFileType = sourcecode.c.h; path = PhotonPluginBox.h; sourceTree = "<group>"; };
		AB86B4020682897700EB727B /* PhotonPluginBox.m */ = {isa = PBXFileReference; fileEncoding = 4; lastKnownFileType = sourcecode.c.objc; path = PhotonPluginBox.m; sourceTree = "<group>"; };
		AB9742CE06B6031200AE1F97 /* EntryOptionViews.m */ = {isa = PBXFileReference; fileEncoding = 30; lastKnownFileType = sourcecode.c.objc; path = EntryOptionViews.m; sourceTree = "<group>"; };
		AB9742CF06B6031200AE1F97 /* EntryOptionViews.h */ = {isa = PBXFileReference; fileEncoding = 30; lastKnownFileType = sourcecode.c.h; path = EntryOptionViews.h; sourceTree = "<group>"; };
		ABA10079067EBC1200B704CF /* Photon.h */ = {isa = PBXFileReference; fileEncoding = 30; lastKnownFileType = sourcecode.c.h; path = Photon.h; sourceTree = "<group>"; };
		ABA1007A067EBC1200B704CF /* Photon.m */ = {isa = PBXFileReference; fileEncoding = 30; lastKnownFileType = sourcecode.c.objc; path = Photon.m; sourceTree = "<group>"; };
		ABA10081067EBC1F00B704CF /* Photon_Prefix.pch */ = {isa = PBXFileReference; fileEncoding = 30; lastKnownFileType = sourcecode.c.h; path = Photon_Prefix.pch; sourceTree = "<group>"; };
		ABA7BF4706C09326000F73B3 /* offlineAlert_clicked.tiff */ = {isa = PBXFileReference; lastKnownFileType = image.tiff; path = offlineAlert_clicked.tiff; sourceTree = "<group>"; };
		ABA7BF4806C09326000F73B3 /* offlineAlert.tiff */ = {isa = PBXFileReference; lastKnownFileType = image.tiff; path = offlineAlert.tiff; sourceTree = "<group>"; };
		ABA7BF9406C09860000F73B3 /* offlineAlert_highlighted.tiff */ = {isa = PBXFileReference; lastKnownFileType = image.tiff; path = offlineAlert_highlighted.tiff; sourceTree = "<group>"; };
		ABAEABB40638025600DD79B6 /* English */ = {isa = PBXFileReference; lastKnownFileType = wrapper.nib; name = English; path = English.lproj/Panel.nib; sourceTree = "<group>"; };
		ABD11E1C068A960400B0157D /* English */ = {isa = PBXFileReference; lastKnownFileType = wrapper.nib; name = English; path = English.lproj/Category.nib; sourceTree = "<group>"; };
		ABD11E91068AA0E900B0157D /* Security.framework */ = {isa = PBXFileReference; lastKnownFileType = wrapper.framework; name = Security.framework; path = /System/Library/Frameworks/Security.framework; sourceTree = "<absolute>"; };
		ABD11E92068AA0E900B0157D /* SystemConfiguration.framework */ = {isa = PBXFileReference; lastKnownFileType = wrapper.framework; name = SystemConfiguration.framework; path = /System/Library/Frameworks/SystemConfiguration.framework; sourceTree = "<absolute>"; };
		ABD11EDC068AA10500B0157D /* Keychain.h */ = {isa = PBXFileReference; fileEncoding = 30; lastKnownFileType = sourcecode.c.h; path = Keychain.h; sourceTree = "<group>"; };
		ABD11EDD068AA10500B0157D /* Keychain.m */ = {isa = PBXFileReference; fileEncoding = 30; lastKnownFileType = sourcecode.c.objc; path = Keychain.m; sourceTree = "<group>"; };
		ABD11EEE068AA12C00B0157D /* DKNSDictionaryExtensions.h */ = {isa = PBXFileReference; fileEncoding = 30; lastKnownFileType = sourcecode.c.h; path = DKNSDictionaryExtensions.h; sourceTree = "<group>"; };
		ABD11EEF068AA12C00B0157D /* DKNSDictionaryExtensions.m */ = {isa = PBXFileReference; fileEncoding = 30; lastKnownFileType = sourcecode.c.objc; path = DKNSDictionaryExtensions.m; sourceTree = "<group>"; };
		ABD11FC7068ABCB500B0157D /* XMLRPC.h */ = {isa = PBXFileReference; fileEncoding = 30; lastKnownFileType = sourcecode.c.h; path = XMLRPC.h; sourceTree = "<group>"; };
		ABD11FC8068ABCB500B0157D /* XMLRPCConnection.h */ = {isa = PBXFileReference; fileEncoding = 30; lastKnownFileType = sourcecode.c.h; path = XMLRPCConnection.h; sourceTree = "<group>"; };
		ABD11FC9068ABCB500B0157D /* XMLRPCConnection.m */ = {isa = PBXFileReference; fileEncoding = 30; lastKnownFileType = sourcecode.c.objc; path = XMLRPCConnection.m; sourceTree = "<group>"; };
		ABD11FCA068ABCB500B0157D /* XMLRPCDecoder.h */ = {isa = PBXFileReference; fileEncoding = 30; lastKnownFileType = sourcecode.c.h; path = XMLRPCDecoder.h; sourceTree = "<group>"; };
		ABD11FCB068ABCB500B0157D /* XMLRPCDecoder.m */ = {isa = PBXFileReference; fileEncoding = 30; lastKnownFileType = sourcecode.c.objc; path = XMLRPCDecoder.m; sourceTree = "<group>"; };
		ABD11FCC068ABCB500B0157D /* XMLRPCEncoder.h */ = {isa = PBXFileReference; fileEncoding = 30; lastKnownFileType = sourcecode.c.h; path = XMLRPCEncoder.h; sourceTree = "<group>"; };
		ABD11FCD068ABCB500B0157D /* XMLRPCEncoder.m */ = {isa = PBXFileReference; fileEncoding = 30; lastKnownFileType = sourcecode.c.objc; path = XMLRPCEncoder.m; sourceTree = "<group>"; };
		ABD11FD0068ABCB500B0157D /* XMLRPCRequest.h */ = {isa = PBXFileReference; fileEncoding = 30; lastKnownFileType = sourcecode.c.h; path = XMLRPCRequest.h; sourceTree = "<group>"; };
		ABD11FD1068ABCB500B0157D /* XMLRPCRequest.m */ = {isa = PBXFileReference; fileEncoding = 30; lastKnownFileType = sourcecode.c.objc; path = XMLRPCRequest.m; sourceTree = "<group>"; };
		ABD11FD2068ABCB500B0157D /* XMLRPCResponse.h */ = {isa = PBXFileReference; fileEncoding = 30; lastKnownFileType = sourcecode.c.h; path = XMLRPCResponse.h; sourceTree = "<group>"; };
		ABD11FD3068ABCB500B0157D /* XMLRPCResponse.m */ = {isa = PBXFileReference; fileEncoding = 30; lastKnownFileType = sourcecode.c.objc; path = XMLRPCResponse.m; sourceTree = "<group>"; };
		ABD3767708BE05560088B43A /* LICENSE.txt */ = {isa = PBXFileReference; fileEncoding = 4; lastKnownFileType = text; path = LICENSE.txt; sourceTree = "<group>"; };
		ABDE28DE06A4DC97005EF64D /* AddWeblog_Pressed.tiff */ = {isa = PBXFileReference; lastKnownFileType = image.tiff; path = AddWeblog_Pressed.tiff; sourceTree = "<group>"; };
		ABDE28DF06A4DC97005EF64D /* AddWeblog.tiff */ = {isa = PBXFileReference; lastKnownFileType = image.tiff; path = AddWeblog.tiff; sourceTree = "<group>"; };
		ABDE28E006A4DC97005EF64D /* RemoveWeblog_Pressed.tiff */ = {isa = PBXFileReference; lastKnownFileType = image.tiff; path = RemoveWeblog_Pressed.tiff; sourceTree = "<group>"; };
		ABDE28E106A4DC97005EF64D /* RemoveWeblog.tiff */ = {isa = PBXFileReference; lastKnownFileType = image.tiff; path = RemoveWeblog.tiff; sourceTree = "<group>"; };
		ABDF6062069BB4BC00C7BA44 /* AtomExtensions.h */ = {isa = PBXFileReference; fileEncoding = 30; lastKnownFileType = sourcecode.c.h; path = AtomExtensions.h; sourceTree = "<group>"; };
		ABDF6063069BB4BC00C7BA44 /* AtomExtensions.m */ = {isa = PBXFileReference; fileEncoding = 30; lastKnownFileType = sourcecode.c.objc; path = AtomExtensions.m; sourceTree = "<group>"; };
		ABEA824006A782420034E0AC /* RemoveAccountOption.tiff */ = {isa = PBXFileReference; lastKnownFileType = image.tiff; path = RemoveAccountOption.tiff; sourceTree = "<group>"; };
		ABEA824106A782420034E0AC /* RemoveAccountOption_Pressed.tiff */ = {isa = PBXFileReference; lastKnownFileType = image.tiff; path = RemoveAccountOption_Pressed.tiff; sourceTree = "<group>"; };
		ABEA824206A782420034E0AC /* AddAccountOption.tiff */ = {isa = PBXFileReference; lastKnownFileType = image.tiff; path = AddAccountOption.tiff; sourceTree = "<group>"; };
		ABEA824306A782420034E0AC /* AddAccountOption_Pressed.tiff */ = {isa = PBXFileReference; lastKnownFileType = image.tiff; path = AddAccountOption_Pressed.tiff; sourceTree = "<group>"; };
		ABF91AF706CDAF430096BA5F /* PhotoEnabledValueTransformer.h */ = {isa = PBXFileReference; fileEncoding = 4; lastKnownFileType = sourcecode.c.h; path = PhotoEnabledValueTransformer.h; sourceTree = "<group>"; };
		ABF91AF806CDAF430096BA5F /* PhotoEnabledValueTransformer.m */ = {isa = PBXFileReference; fileEncoding = 4; lastKnownFileType = sourcecode.c.objc; path = PhotoEnabledValueTransformer.m; sourceTree = "<group>"; };
		ABF91B1306CDB1B70096BA5F /* ThumbnailEnabledValueTransformer.h */ = {isa = PBXFileReference; fileEncoding = 4; lastKnownFileType = sourcecode.c.h; path = ThumbnailEnabledValueTransformer.h; sourceTree = "<group>"; };
		ABF91B1406CDB1B70096BA5F /* ThumbnailEnabledValueTransformer.m */ = {isa = PBXFileReference; fileEncoding = 4; lastKnownFileType = sourcecode.c.objc; path = ThumbnailEnabledValueTransformer.m; sourceTree = "<group>"; };
/* End PBXFileReference section */

/* Begin PBXFrameworksBuildPhase section */
		8D5B49B3048680CD000E48DA /* Frameworks */ = {
			isa = PBXFrameworksBuildPhase;
			buildActionMask = 2147483647;
			files = (
				8D5B49B4048680CD000E48DA /* Cocoa.framework in Frameworks */,
				ABD11E93068AA0E900B0157D /* Security.framework in Frameworks */,
				ABD11E94068AA0E900B0157D /* SystemConfiguration.framework in Frameworks */,
				AB1122BA06B89B7500A78526 /* Carbon.framework in Frameworks */,
			);
			runOnlyForDeploymentPostprocessing = 0;
		};
/* End PBXFrameworksBuildPhase section */

/* Begin PBXGroup section */
		089C166AFE841209C02AAC07 /* PhotoToTypePad */ = {
			isa = PBXGroup;
			children = (
				08FB77AFFE84173DC02AAC07 /* Classes */,
				ABD11FC6068ABCB500B0157D /* XMLRPC */,
				AB3CA872069E6142002A8128 /* AGRegex */,
				32C88E010371C26100C91783 /* Other Sources */,
				089C167CFE841241C02AAC07 /* Resources */,
				089C1671FE841209C02AAC07 /* Frameworks and Libraries */,
				19C28FB8FE9D52D311CA2CBB /* Products */,
				ABD3767708BE05560088B43A /* LICENSE.txt */,
			);
			name = PhotoToTypePad;
			sourceTree = "<group>";
		};
		089C1671FE841209C02AAC07 /* Frameworks and Libraries */ = {
			isa = PBXGroup;
			children = (
				1058C7ACFEA557BF11CA2CBB /* Linked Frameworks */,
				1058C7AEFEA557BF11CA2CBB /* Other Frameworks */,
			);
			name = "Frameworks and Libraries";
			sourceTree = "<group>";
		};
		089C167CFE841241C02AAC07 /* Resources */ = {
			isa = PBXGroup;
			children = (
				AB14EB360703B1D000BFAF16 /* Localizable.strings */,
				AB11239606B8A0D000A78526 /* Photon Help */,
				ABAEABB30638025600DD79B6 /* Panel.nib */,
				ABD11E1B068A960400B0157D /* Category.nib */,
				ABA7BF4706C09326000F73B3 /* offlineAlert_clicked.tiff */,
				ABA7BF9406C09860000F73B3 /* offlineAlert_highlighted.tiff */,
				ABA7BF4806C09326000F73B3 /* offlineAlert.tiff */,
				ABEA824006A782420034E0AC /* RemoveAccountOption.tiff */,
				ABEA824106A782420034E0AC /* RemoveAccountOption_Pressed.tiff */,
				ABEA824206A782420034E0AC /* AddAccountOption.tiff */,
				ABEA824306A782420034E0AC /* AddAccountOption_Pressed.tiff */,
				ABDE28DE06A4DC97005EF64D /* AddWeblog_Pressed.tiff */,
				ABDE28DF06A4DC97005EF64D /* AddWeblog.tiff */,
				ABDE28E006A4DC97005EF64D /* RemoveWeblog_Pressed.tiff */,
				ABDE28E106A4DC97005EF64D /* RemoveWeblog.tiff */,
				8D5B49B7048680CD000E48DA /* Info.plist */,
				089C167DFE841241C02AAC07 /* InfoPlist.strings */,
			);
			name = Resources;
			sourceTree = "<group>";
		};
		08FB77AFFE84173DC02AAC07 /* Classes */ = {
			isa = PBXGroup;
			children = (
				ABA10079067EBC1200B704CF /* Photon.h */,
				ABA1007A067EBC1200B704CF /* Photon.m */,
				AB9742CF06B6031200AE1F97 /* EntryOptionViews.h */,
				AB9742CE06B6031200AE1F97 /* EntryOptionViews.m */,
				ABF91AF706CDAF430096BA5F /* PhotoEnabledValueTransformer.h */,
				ABF91AF806CDAF430096BA5F /* PhotoEnabledValueTransformer.m */,
				ABF91B1306CDB1B70096BA5F /* ThumbnailEnabledValueTransformer.h */,
				ABF91B1406CDB1B70096BA5F /* ThumbnailEnabledValueTransformer.m */,
				AB86B4010682897700EB727B /* PhotonPluginBox.h */,
				AB86B4020682897700EB727B /* PhotonPluginBox.m */,
				AB62609406C1815C00EE2219 /* ExportMgr.h */,
			);
			name = Classes;
			sourceTree = "<group>";
		};
		1058C7ACFEA557BF11CA2CBB /* Linked Frameworks */ = {
			isa = PBXGroup;
			children = (
				1058C7ADFEA557BF11CA2CBB /* Cocoa.framework */,
			);
			name = "Linked Frameworks";
			sourceTree = "<group>";
		};
		1058C7AEFEA557BF11CA2CBB /* Other Frameworks */ = {
			isa = PBXGroup;
			children = (
				AB1122B906B89B7500A78526 /* Carbon.framework */,
				ABD11E91068AA0E900B0157D /* Security.framework */,
				ABD11E92068AA0E900B0157D /* SystemConfiguration.framework */,
				089C1672FE841209C02AAC07 /* Foundation.framework */,
				089C167FFE841241C02AAC07 /* AppKit.framework */,
			);
			name = "Other Frameworks";
			sourceTree = "<group>";
		};
		19C28FB8FE9D52D311CA2CBB /* Products */ = {
			isa = PBXGroup;
			children = (
				8D5B49B6048680CD000E48DA /* Photon.iPhotoExporter */,
			);
			name = Products;
			sourceTree = "<group>";
		};
		32C88E010371C26100C91783 /* Other Sources */ = {
			isa = PBXGroup;
			children = (
				ABA10081067EBC1F00B704CF /* Photon_Prefix.pch */,
				ABDF6062069BB4BC00C7BA44 /* AtomExtensions.h */,
				ABDF6063069BB4BC00C7BA44 /* AtomExtensions.m */,
				AB4E75CC06F82FC000BCE9E7 /* DKURLConnection.h */,
				AB4E75CD06F82FC000BCE9E7 /* DKURLConnection.m */,
				ABD11EEE068AA12C00B0157D /* DKNSDictionaryExtensions.h */,
				ABD11EEF068AA12C00B0157D /* DKNSDictionaryExtensions.m */,
				ABD11EDC068AA10500B0157D /* Keychain.h */,
				ABD11EDD068AA10500B0157D /* Keychain.m */,
				08FB77B6FE84183AC02AAC07 /* main.m */,
			);
			name = "Other Sources";
			sourceTree = "<group>";
		};
		AB3CA872069E6142002A8128 /* AGRegex */ = {
			isa = PBXGroup;
			children = (
				AB3CA873069E6163002A8128 /* AGRegex.h */,
				AB3CA874069E6163002A8128 /* AGRegex.m */,
				AB3CA8A2069E6445002A8128 /* pcre-4.5 */,
			);
			name = AGRegex;
			sourceTree = "<group>";
		};
		AB3CA8A2069E6445002A8128 /* pcre-4.5 */ = {
			isa = PBXGroup;
			children = (
				AB3CA8A3069E6445002A8128 /* chartables.c */,
				AB3CA8A4069E6445002A8128 /* config.h */,
				AB3CA8A5069E6445002A8128 /* get.c */,
				AB3CA8A6069E6445002A8128 /* internal.h */,
				AB3CA8A7069E6445002A8128 /* maketables.c */,
				AB3CA8A8069E6445002A8128 /* pcre.c */,
				AB3CA8A9069E6445002A8128 /* pcre.h */,
				AB3CA8AA069E6445002A8128 /* study.c */,
			);
			path = "pcre-4.5";
			sourceTree = "<group>";
		};
		ABD11FC6068ABCB500B0157D /* XMLRPC */ = {
			isa = PBXGroup;
			children = (
				78F5439C0D996FA50055C151 /* NSDataAdditions.h */,
				78F5439D0D996FA50055C151 /* NSDataAdditions.m */,
				78F5439E0D996FA50055C151 /* NSStringAdditions.h */,
				78F5439F0D996FA50055C151 /* NSStringAdditions.m */,
				ABD11FC7068ABCB500B0157D /* XMLRPC.h */,
				ABD11FC8068ABCB500B0157D /* XMLRPCConnection.h */,
				ABD11FC9068ABCB500B0157D /* XMLRPCConnection.m */,
				ABD11FCA068ABCB500B0157D /* XMLRPCDecoder.h */,
				ABD11FCB068ABCB500B0157D /* XMLRPCDecoder.m */,
				ABD11FCC068ABCB500B0157D /* XMLRPCEncoder.h */,
				ABD11FCD068ABCB500B0157D /* XMLRPCEncoder.m */,
				ABD11FD0068ABCB500B0157D /* XMLRPCRequest.h */,
				ABD11FD1068ABCB500B0157D /* XMLRPCRequest.m */,
				ABD11FD2068ABCB500B0157D /* XMLRPCResponse.h */,
				ABD11FD3068ABCB500B0157D /* XMLRPCResponse.m */,
			);
			path = XMLRPC;
			sourceTree = "<group>";
		};
/* End PBXGroup section */

/* Begin PBXHeadersBuildPhase section */
		8D5B49AD048680CD000E48DA /* Headers */ = {
			isa = PBXHeadersBuildPhase;
			buildActionMask = 2147483647;
			files = (
				ABA1007D067EBC1200B704CF /* Photon.h in Headers */,
				AB86B4030682897700EB727B /* PhotonPluginBox.h in Headers */,
				ABD11EDE068AA10500B0157D /* Keychain.h in Headers */,
				ABD11EF0068AA12C00B0157D /* DKNSDictionaryExtensions.h in Headers */,
				ABD11FD4068ABCB500B0157D /* XMLRPC.h in Headers */,
				ABD11FD5068ABCB500B0157D /* XMLRPCConnection.h in Headers */,
				ABD11FD7068ABCB500B0157D /* XMLRPCDecoder.h in Headers */,
				ABD11FD9068ABCB500B0157D /* XMLRPCEncoder.h in Headers */,
				ABD11FDD068ABCB500B0157D /* XMLRPCRequest.h in Headers */,
				ABD11FDF068ABCB500B0157D /* XMLRPCResponse.h in Headers */,
				ABDF6064069BB4BC00C7BA44 /* AtomExtensions.h in Headers */,
				AB3CA87E069E6163002A8128 /* AGRegex.h in Headers */,
				AB3CA8AC069E6445002A8128 /* config.h in Headers */,
				AB3CA8AE069E6445002A8128 /* internal.h in Headers */,
				AB3CA8B1069E6445002A8128 /* pcre.h in Headers */,
				ABE28109069FA76400C36D33 /* Photon_Prefix.pch in Headers */,
				AB9742D106B6031200AE1F97 /* EntryOptionViews.h in Headers */,
				AB62609606C1815C00EE2219 /* ExportMgr.h in Headers */,
				ABF91AF906CDAF430096BA5F /* PhotoEnabledValueTransformer.h in Headers */,
				ABF91B1506CDB1B70096BA5F /* ThumbnailEnabledValueTransformer.h in Headers */,
				AB4E75CE06F82FC000BCE9E7 /* DKURLConnection.h in Headers */,
				78F543A00D996FA50055C151 /* NSDataAdditions.h in Headers */,
				78F543A20D996FA50055C151 /* NSStringAdditions.h in Headers */,
			);
			runOnlyForDeploymentPostprocessing = 0;
		};
/* End PBXHeadersBuildPhase section */

/* Begin PBXNativeTarget section */
		8D5B49AC048680CD000E48DA /* Photon */ = {
			isa = PBXNativeTarget;
			buildConfigurationList = 78F543980D996F870055C151 /* Build configuration list for PBXNativeTarget "Photon" */;
			buildPhases = (
				8D5B49AD048680CD000E48DA /* Headers */,
				8D5B49AF048680CD000E48DA /* Resources */,
				8D5B49B1048680CD000E48DA /* Sources */,
				8D5B49B3048680CD000E48DA /* Frameworks */,
				8D5B49B5048680CD000E48DA /* Rez */,
			);
			buildRules = (
			);
			dependencies = (
			);
			name = Photon;
			productInstallPath = "$(HOME)/Library/Bundles";
			productName = PhotoToTypePad;
			productReference = 8D5B49B6048680CD000E48DA /* Photon.iPhotoExporter */;
			productType = "com.apple.product-type.bundle";
		};
/* End PBXNativeTarget section */

/* Begin PBXProject section */
		089C1669FE841209C02AAC07 /* Project object */ = {
			isa = PBXProject;
			buildConfigurationList = 78F543970D996F870055C151 /* Build configuration list for PBXProject "Photon" */;
			compatibilityVersion = "Xcode 2.4";
			hasScannedForEncodings = 1;
			mainGroup = 089C166AFE841209C02AAC07 /* PhotoToTypePad */;
			projectDirPath = "";
			projectRoot = "";
			targets = (
				8D5B49AC048680CD000E48DA /* Photon */,
			);
		};
/* End PBXProject section */

/* Begin PBXResourcesBuildPhase section */
		8D5B49AF048680CD000E48DA /* Resources */ = {
			isa = PBXResourcesBuildPhase;
			buildActionMask = 2147483647;
			files = (
				8D5B49B0048680CD000E48DA /* InfoPlist.strings in Resources */,
				ABAEABB50638025600DD79B6 /* Panel.nib in Resources */,
				ABD11E1D068A960400B0157D /* Category.nib in Resources */,
				ABDE28E206A4DC97005EF64D /* AddWeblog_Pressed.tiff in Resources */,
				ABDE28E306A4DC97005EF64D /* AddWeblog.tiff in Resources */,
				ABDE28E406A4DC97005EF64D /* RemoveWeblog_Pressed.tiff in Resources */,
				ABDE28E506A4DC97005EF64D /* RemoveWeblog.tiff in Resources */,
				ABEA824406A782420034E0AC /* RemoveAccountOption.tiff in Resources */,
				ABEA824506A782420034E0AC /* RemoveAccountOption_Pressed.tiff in Resources */,
				ABEA824606A782420034E0AC /* AddAccountOption.tiff in Resources */,
				ABEA824706A782420034E0AC /* AddAccountOption_Pressed.tiff in Resources */,
				AB11239B06B8A0D100A78526 /* Photon Help in Resources */,
				ABA7BF4906C09326000F73B3 /* offlineAlert_clicked.tiff in Resources */,
				ABA7BF4A06C09326000F73B3 /* offlineAlert.tiff in Resources */,
				ABA7BF9506C09860000F73B3 /* offlineAlert_highlighted.tiff in Resources */,
				AB14EB380703B1D000BFAF16 /* Localizable.strings in Resources */,
				ABD3767808BE05560088B43A /* LICENSE.txt in Resources */,
			);
			runOnlyForDeploymentPostprocessing = 0;
		};
/* End PBXResourcesBuildPhase section */

/* Begin PBXRezBuildPhase section */
		8D5B49B5048680CD000E48DA /* Rez */ = {
			isa = PBXRezBuildPhase;
			buildActionMask = 2147483647;
			files = (
			);
			runOnlyForDeploymentPostprocessing = 0;
		};
/* End PBXRezBuildPhase section */

/* Begin PBXSourcesBuildPhase section */
		8D5B49B1048680CD000E48DA /* Sources */ = {
			isa = PBXSourcesBuildPhase;
			buildActionMask = 2147483647;
			files = (
				8D5B49B2048680CD000E48DA /* main.m in Sources */,
				ABA1007E067EBC1200B704CF /* Photon.m in Sources */,
				AB86B4040682897700EB727B /* PhotonPluginBox.m in Sources */,
				ABD11EDF068AA10500B0157D /* Keychain.m in Sources */,
				ABD11EF1068AA12C00B0157D /* DKNSDictionaryExtensions.m in Sources */,
				ABD11FD6068ABCB500B0157D /* XMLRPCConnection.m in Sources */,
				ABD11FD8068ABCB500B0157D /* XMLRPCDecoder.m in Sources */,
				ABD11FDA068ABCB500B0157D /* XMLRPCEncoder.m in Sources */,
				ABD11FDE068ABCB500B0157D /* XMLRPCRequest.m in Sources */,
				ABD11FE0068ABCB500B0157D /* XMLRPCResponse.m in Sources */,
				ABDF6065069BB4BC00C7BA44 /* AtomExtensions.m in Sources */,
				AB3CA87F069E6163002A8128 /* AGRegex.m in Sources */,
				AB3CA8AB069E6445002A8128 /* chartables.c in Sources */,
				AB3CA8AD069E6445002A8128 /* get.c in Sources */,
				AB3CA8AF069E6445002A8128 /* maketables.c in Sources */,
				AB3CA8B0069E6445002A8128 /* pcre.c in Sources */,
				AB3CA8B2069E6445002A8128 /* study.c in Sources */,
				AB9742D006B6031200AE1F97 /* EntryOptionViews.m in Sources */,
				ABF91AFA06CDAF430096BA5F /* PhotoEnabledValueTransformer.m in Sources */,
				ABF91B1606CDB1B70096BA5F /* ThumbnailEnabledValueTransformer.m in Sources */,
				AB4E75CF06F82FC000BCE9E7 /* DKURLConnection.m in Sources */,
				78F543A10D996FA50055C151 /* NSDataAdditions.m in Sources */,
				78F543A30D996FA50055C151 /* NSStringAdditions.m in Sources */,
			);
			runOnlyForDeploymentPostprocessing = 0;
		};
/* End PBXSourcesBuildPhase section */

/* Begin PBXVariantGroup section */
		089C167DFE841241C02AAC07 /* InfoPlist.strings */ = {
			isa = PBXVariantGroup;
			children = (
				089C167EFE841241C02AAC07 /* English */,
			);
			name = InfoPlist.strings;
			sourceTree = "<group>";
		};
		AB11239606B8A0D000A78526 /* Photon Help */ = {
			isa = PBXVariantGroup;
			children = (
				AB11239706B8A0D000A78526 /* English */,
			);
			name = "Photon Help";
			sourceTree = "<group>";
		};
		AB14EB360703B1D000BFAF16 /* Localizable.strings */ = {
			isa = PBXVariantGroup;
			children = (
				AB14EB370703B1D000BFAF16 /* English */,
			);
			name = Localizable.strings;
			sourceTree = "<group>";
		};
		ABAEABB30638025600DD79B6 /* Panel.nib */ = {
			isa = PBXVariantGroup;
			children = (
				ABAEABB40638025600DD79B6 /* English */,
			);
			name = Panel.nib;
			sourceTree = "<group>";
		};
		ABD11E1B068A960400B0157D /* Category.nib */ = {
			isa = PBXVariantGroup;
			children = (
				ABD11E1C068A960400B0157D /* English */,
			);
			name = Category.nib;
			sourceTree = "<group>";
		};
/* End PBXVariantGroup section */

/* Begin XCBuildConfiguration section */
		78F5436E0D996F870055C151 /* Development */ = {
			isa = XCBuildConfiguration;
			buildSettings = {
				ARCHS = "$(ARCHS_STANDARD_32_BIT_PRE_XCODE_3_1)";
				ARCHS_STANDARD_32_BIT_PRE_XCODE_3_1 = "ppc i386";
				MACOSX_DEPLOYMENT_TARGET = 10.3;
				SDKROOT = /Developer/SDKs/MacOSX10.5.sdk;
			};
			name = Development;
		};
		78F5436F0D996F870055C151 /* Deployment */ = {
			isa = XCBuildConfiguration;
			buildSettings = {
				ARCHS = "$(ARCHS_STANDARD_32_BIT_PRE_XCODE_3_1)";
				ARCHS_STANDARD_32_BIT_PRE_XCODE_3_1 = "ppc i386";
				MACOSX_DEPLOYMENT_TARGET = 10.3;
				SDKROOT = /Developer/SDKs/MacOSX10.5.sdk;
			};
			name = Deployment;
		};
		78F543700D996F870055C151 /* Default */ = {
			isa = XCBuildConfiguration;
			buildSettings = {
				ARCHS = "$(ARCHS_STANDARD_32_BIT_PRE_XCODE_3_1)";
				ARCHS_STANDARD_32_BIT_PRE_XCODE_3_1 = "ppc i386";
				MACOSX_DEPLOYMENT_TARGET = 10.3;
				SDKROOT = /Developer/SDKs/MacOSX10.5.sdk;
			};
			name = Default;
		};
		78F543710D996F870055C151 /* Development */ = {
			isa = XCBuildConfiguration;
			buildSettings = {
				COPY_PHASE_STRIP = NO;
				DEBUGGING_SYMBOLS = YES;
				FRAMEWORK_SEARCH_PATHS = "";
				GCC_DYNAMIC_NO_PIC = NO;
				GCC_ENABLE_FIX_AND_CONTINUE = YES;
				GCC_ENABLE_TRIGRAPHS = NO;
				GCC_GENERATE_DEBUGGING_SYMBOLS = YES;
				GCC_OPTIMIZATION_LEVEL = 0;
				GCC_PRECOMPILE_PREFIX_HEADER = YES;
				GCC_PREFIX_HEADER = Photon_Prefix.pch;
				GCC_WARN_FOUR_CHARACTER_CONSTANTS = NO;
				GCC_WARN_UNKNOWN_PRAGMAS = NO;
				HEADER_SEARCH_PATHS = /usr/include/openssl;
				INFOPLIST_FILE = Info.plist;
				INSTALL_PATH = "$(HOME)/Library/Bundles";
				LIBRARY_STYLE = Bundle;
				MACOSX_DEPLOYMENT_TARGET = "";
				OPTIMIZATION_CFLAGS = "-O0";
				OTHER_CFLAGS = "-DSUPPORT_UTF8";
				OTHER_LDFLAGS = (
					"-lcrypto",
					"-lssl",
				);
				OTHER_REZFLAGS = "";
				PRODUCT_NAME = Photon;
				SECTORDER_FLAGS = "";
				WARNING_CFLAGS = (
					"-Wmost",
					"-Wno-four-char-constants",
					"-Wno-unknown-pragmas",
				);
				WRAPPER_EXTENSION = iPhotoExporter;
				ZERO_LINK = YES;
			};
			name = Development;
		};
		78F543720D996F870055C151 /* Deployment */ = {
			isa = XCBuildConfiguration;
			buildSettings = {
				COPY_PHASE_STRIP = YES;
				FRAMEWORK_SEARCH_PATHS = "";
				GCC_ENABLE_FIX_AND_CONTINUE = NO;
				GCC_ENABLE_TRIGRAPHS = NO;
				GCC_GENERATE_DEBUGGING_SYMBOLS = NO;
				GCC_PRECOMPILE_PREFIX_HEADER = YES;
				GCC_PREFIX_HEADER = Photon_Prefix.pch;
				GCC_WARN_FOUR_CHARACTER_CONSTANTS = NO;
				GCC_WARN_UNKNOWN_PRAGMAS = NO;
				HEADER_SEARCH_PATHS = /usr/include/openssl;
				INFOPLIST_FILE = Info.plist;
				INSTALL_PATH = "$(HOME)/Library/Bundles";
				LIBRARY_STYLE = Bundle;
				MACOSX_DEPLOYMENT_TARGET = "";
				OTHER_CFLAGS = "-DSUPPORT_UTF8";
				OTHER_LDFLAGS = (
					"-lcrypto",
					"-lssl",
				);
				OTHER_REZFLAGS = "";
				PRODUCT_NAME = Photon;
				SECTORDER_FLAGS = "";
				WARNING_CFLAGS = (
					"-Wmost",
					"-Wno-four-char-constants",
					"-Wno-unknown-pragmas",
				);
				WRAPPER_EXTENSION = iPhotoExporter;
				ZERO_LINK = NO;
			};
			name = Deployment;
		};
		78F543730D996F870055C151 /* Default */ = {
			isa = XCBuildConfiguration;
			buildSettings = {
				FRAMEWORK_SEARCH_PATHS = "";
				GCC_ENABLE_TRIGRAPHS = NO;
				GCC_GENERATE_DEBUGGING_SYMBOLS = NO;
				GCC_PRECOMPILE_PREFIX_HEADER = YES;
				GCC_PREFIX_HEADER = Photon_Prefix.pch;
				GCC_WARN_FOUR_CHARACTER_CONSTANTS = NO;
				GCC_WARN_UNKNOWN_PRAGMAS = NO;
				HEADER_SEARCH_PATHS = /usr/include/openssl;
				INFOPLIST_FILE = Info.plist;
				INSTALL_PATH = "$(HOME)/Library/Bundles";
				LIBRARY_STYLE = Bundle;
				MACOSX_DEPLOYMENT_TARGET = "";
				OTHER_CFLAGS = "-DSUPPORT_UTF8";
				OTHER_LDFLAGS = (
					"-lcrypto",
					"-lssl",
				);
				OTHER_REZFLAGS = "";
				PRODUCT_NAME = Photon;
				SECTORDER_FLAGS = "";
				WARNING_CFLAGS = (
					"-Wmost",
					"-Wno-four-char-constants",
					"-Wno-unknown-pragmas",
				);
				WRAPPER_EXTENSION = iPhotoExporter;
			};
			name = Default;
		};
/* End XCBuildConfiguration section */

/* Begin XCConfigurationList section */
		78F543970D996F870055C151 /* Build configuration list for PBXProject "Photon" */ = {
			isa = XCConfigurationList;
			buildConfigurations = (
				78F5436E0D996F870055C151 /* Development */,
				78F5436F0D996F870055C151 /* Deployment */,
				78F543700D996F870055C151 /* Default */,
			);
			defaultConfigurationIsVisible = 0;
			defaultConfigurationName = Default;
		};
		78F543980D996F870055C151 /* Build configuration list for PBXNativeTarget "Photon" */ = {
			isa = XCConfigurationList;
			buildConfigurations = (
				78F543710D996F870055C151 /* Development */,
				78F543720D996F870055C151 /* Deployment */,
				78F543730D996F870055C151 /* Default */,
			);
			defaultConfigurationIsVisible = 0;
			defaultConfigurationName = Default;
		};
/* End XCConfigurationList section */
	};
	rootObject = 089C1669FE841209C02AAC07 /* Project object */;
}
